
Microsoft Visual Studio Solution File, Format Version 12.00
# Visual Studio 15
Project("{FAE04EC0-301F-11D3-BF4B-00C04F79EFBC}") = "Assembly-CSharp", "Assembly-CSharp.csproj", "{6B2224E3-F824-D370-6E00-50456DA646E2}"
EndProject
Project("{FAE04EC0-301F-11D3-BF4B-00C04F79EFBC}") = "Assembly-CSharp-Editor", "Assembly-CSharp-Editor.csproj", "{4C6FF0FF-3901-3E6B-0E2B-69D661ED87CD}"
EndProject
Global
	GlobalSection(SolutionConfigurationPlatforms) = preSolution
		Debug|Any CPU = Debug|Any CPU
		Release|Any CPU = Release|Any CPU
	EndGlobalSection
	GlobalSection(ProjectConfigurationPlatforms) = postSolution
		{6B2224E3-F824-D370-6E00-50456DA646E2}.Debug|Any CPU.ActiveCfg = Debug|Any CPU
		{6B2224E3-F824-D370-6E00-50456DA646E2}.Debug|Any CPU.Build.0 = Debug|Any CPU
		{6B2224E3-F824-D370-6E00-50456DA646E2}.Release|Any CPU.ActiveCfg = Release|Any CPU
		{6B2224E3-F824-D370-6E00-50456DA646E2}.Release|Any CPU.Build.0 = Release|Any CPU
		{4C6FF0FF-3901-3E6B-0E2B-69D661ED87CD}.Debug|Any CPU.ActiveCfg = Debug|Any CPU
		{4C6FF0FF-3901-3E6B-0E2B-69D661ED87CD}.Debug|Any CPU.Build.0 = Debug|Any CPU
		{4C6FF0FF-3901-3E6B-0E2B-69D661ED87CD}.Release|Any CPU.ActiveCfg = Release|Any CPU
		{4C6FF0FF-3901-3E6B-0E2B-69D661ED87CD}.Release|Any CPU.Build.0 = Release|Any CPU
	EndGlobalSection
	GlobalSection(SolutionProperties) = preSolution
		HideSolutionNode = FALSE
	EndGlobalSection
EndGlobal
